
Microsoft Visual Studio Solution File, Format Version 12.00
# Visual Studio Version 16
VisualStudioVersion = 16.0.31410.357
MinimumVisualStudioVersion = 10.0.40219.1
Project("{9A19103F-16F7-4668-BE54-9A1E7A4F7556}") = "PQ.WebApi", "PQ.WebApi\PQ.WebApi.csproj", "{BC4D20E1-8227-47F8-BC41-53EF05A49C88}"
EndProject
Project("{2150E333-8FDC-42A3-9474-1A3956D46DE8}") = "01.PQ.WebApi", "01.PQ.WebApi", "{230AD7FD-8064-4594-BFA8-6B8C050DD11B}"
EndProject
Project("{2150E333-8FDC-42A3-9474-1A3956D46DE8}") = "02.PQ.Manager", "02.PQ.Manager", "{6BC20DB2-3175-4F0A-B13C-649D769A6529}"
EndProject
Project("{2150E333-8FDC-42A3-9474-1A3956D46DE8}") = "03.PQ.Data", "03.PQ.Data", "{F4370790-9FEB-443F-BAAF-CC3EA8882240}"
EndProject
Project("{2150E333-8FDC-42A3-9474-1A3956D46DE8}") = "04.PQ.Core", "04.PQ.Core", "{ED5111F5-8AC0-4EE9-AB12-4E9C9FC7CC6E}"
EndProject
Project("{2150E333-8FDC-42A3-9474-1A3956D46DE8}") = "05.PQ.Tests", "05.PQ.Tests", "{B7C30BAE-FA14-44BB-ACA2-996FE7CA7418}"
EndProject
Project("{9A19103F-16F7-4668-BE54-9A1E7A4F7556}") = "PQ.Manager", "PQ.Manager\PQ.Manager.csproj", "{202FEF88-D387-4D0B-AFB2-1C1D0D0BA8A1}"
EndProject
Project("{9A19103F-16F7-4668-BE54-9A1E7A4F7556}") = "PQ.Data", "PQ.Data\PQ.Data.csproj", "{2160FC68-1F25-4173-9141-E2A11C26C8A3}"
EndProject
Project("{9A19103F-16F7-4668-BE54-9A1E7A4F7556}") = "PQ.Core", "PQ.Core\PQ.Core.csproj", "{A41BC62F-A9E9-4072-85FE-7877B9CADAFC}"
EndProject
Project("{9A19103F-16F7-4668-BE54-9A1E7A4F7556}") = "PQ.Tests", "PQ.Tests\PQ.Tests.csproj", "{FAE0D34E-1F4C-45C6-B436-9E98C9232733}"
EndProject
Project("{FAE04EC0-301F-11D3-BF4B-00C04F79EFBC}") = "PQ.CoreShared", "PQ.CoreShared\PQ.CoreShared.csproj", "{1B96624E-1CE2-4B9F-AF82-0FDF7B98A664}"
EndProject
Global
	GlobalSection(SolutionConfigurationPlatforms) = preSolution
		Debug|Any CPU = Debug|Any CPU
		Release|Any CPU = Release|Any CPU
	EndGlobalSection
	GlobalSection(ProjectConfigurationPlatforms) = postSolution
		{BC4D20E1-8227-47F8-BC41-53EF05A49C88}.Debug|Any CPU.ActiveCfg = Debug|Any CPU
		{BC4D20E1-8227-47F8-BC41-53EF05A49C88}.Debug|Any CPU.Build.0 = Debug|Any CPU
		{BC4D20E1-8227-47F8-BC41-53EF05A49C88}.Release|Any CPU.ActiveCfg = Release|Any CPU
		{BC4D20E1-8227-47F8-BC41-53EF05A49C88}.Release|Any CPU.Build.0 = Release|Any CPU
		{202FEF88-D387-4D0B-AFB2-1C1D0D0BA8A1}.Debug|Any CPU.ActiveCfg = Debug|Any CPU
		{202FEF88-D387-4D0B-AFB2-1C1D0D0BA8A1}.Debug|Any CPU.Build.0 = Debug|Any CPU
		{202FEF88-D387-4D0B-AFB2-1C1D0D0BA8A1}.Release|Any CPU.ActiveCfg = Release|Any CPU
		{202FEF88-D387-4D0B-AFB2-1C1D0D0BA8A1}.Release|Any CPU.Build.0 = Release|Any CPU
		{2160FC68-1F25-4173-9141-E2A11C26C8A3}.Debug|Any CPU.ActiveCfg = Debug|Any CPU
		{2160FC68-1F25-4173-9141-E2A11C26C8A3}.Debug|Any CPU.Build.0 = Debug|Any CPU
		{2160FC68-1F25-4173-9141-E2A11C26C8A3}.Release|Any CPU.ActiveCfg = Release|Any CPU
		{2160FC68-1F25-4173-9141-E2A11C26C8A3}.Release|Any CPU.Build.0 = Release|Any CPU
		{A41BC62F-A9E9-4072-85FE-7877B9CADAFC}.Debug|Any CPU.ActiveCfg = Debug|Any CPU
		{A41BC62F-A9E9-4072-85FE-7877B9CADAFC}.Debug|Any CPU.Build.0 = Debug|Any CPU
		{A41BC62F-A9E9-4072-85FE-7877B9CADAFC}.Release|Any CPU.ActiveCfg = Release|Any CPU
		{A41BC62F-A9E9-4072-85FE-7877B9CADAFC}.Release|Any CPU.Build.0 = Release|Any CPU
		{FAE0D34E-1F4C-45C6-B436-9E98C9232733}.Debug|Any CPU.ActiveCfg = Debug|Any CPU
		{FAE0D34E-1F4C-45C6-B436-9E98C9232733}.Debug|Any CPU.Build.0 = Debug|Any CPU
		{FAE0D34E-1F4C-45C6-B436-9E98C9232733}.Release|Any CPU.ActiveCfg = Release|Any CPU
		{FAE0D34E-1F4C-45C6-B436-9E98C9232733}.Release|Any CPU.Build.0 = Release|Any CPU
		{1B96624E-1CE2-4B9F-AF82-0FDF7B98A664}.Debug|Any CPU.ActiveCfg = Debug|Any CPU
		{1B96624E-1CE2-4B9F-AF82-0FDF7B98A664}.Debug|Any CPU.Build.0 = Debug|Any CPU
		{1B96624E-1CE2-4B9F-AF82-0FDF7B98A664}.Release|Any CPU.ActiveCfg = Release|Any CPU
		{1B96624E-1CE2-4B9F-AF82-0FDF7B98A664}.Release|Any CPU.Build.0 = Release|Any CPU
	EndGlobalSection
	GlobalSection(SolutionProperties) = preSolution
		HideSolutionNode = FALSE
	EndGlobalSection
	GlobalSection(NestedProjects) = preSolution
		{BC4D20E1-8227-47F8-BC41-53EF05A49C88} = {230AD7FD-8064-4594-BFA8-6B8C050DD11B}
		{202FEF88-D387-4D0B-AFB2-1C1D0D0BA8A1} = {6BC20DB2-3175-4F0A-B13C-649D769A6529}
		{2160FC68-1F25-4173-9141-E2A11C26C8A3} = {F4370790-9FEB-443F-BAAF-CC3EA8882240}
		{A41BC62F-A9E9-4072-85FE-7877B9CADAFC} = {ED5111F5-8AC0-4EE9-AB12-4E9C9FC7CC6E}
		{FAE0D34E-1F4C-45C6-B436-9E98C9232733} = {B7C30BAE-FA14-44BB-ACA2-996FE7CA7418}
		{1B96624E-1CE2-4B9F-AF82-0FDF7B98A664} = {ED5111F5-8AC0-4EE9-AB12-4E9C9FC7CC6E}
	EndGlobalSection
	GlobalSection(ExtensibilityGlobals) = postSolution
		SolutionGuid = {AE112DC7-91B0-41A9-863B-6F687590C87A}
	EndGlobalSection
EndGlobal
